{
  "requires": true,
  "lockfileVersion": 1,
  "dependencies": {
    "@types/firefox-webext-browser": {
      "version": "70.0.1",
      "resolved": "https://registry.npmjs.org/@types/firefox-webext-browser/-/firefox-webext-browser-70.0.1.tgz",
      "integrity": "sha512-hjHsTR9vKs+yikWbNS/s7TVCx15M/MEn+VYx47wtT/W/wORsIZDD75gfUfP7lkzi+IxRvKMQBB/5/wMFlfgvgQ=="
    }
  }
}
